
Microsoft Visual Studio Solution File, Format Version 12.00
# Visual Studio Version 16
VisualStudioVersion = 16.0.29123.88
MinimumVisualStudioVersion = 10.0.40219.1
Project("{FAE04EC0-301F-11D3-BF4B-00C04F79EFBC}") = "AutoTrader.Windows", "AutoTrader.Windows\AutoTrader.Windows.csproj", "{B3B6B275-8B31-47A4-BC6B-92F71E4F2816}"
EndProject
Project("{2150E333-8FDC-42A3-9474-1A3956D46DE8}") = "Core", "Core", "{8506C489-D792-4403-AC6D-B4E7C31E9B5E}"
EndProject
Project("{9A19103F-16F7-4668-BE54-9A1E7A4F7556}") = "AutoTrader.Core", "AutoTrader.Core\AutoTrader.Core.csproj", "{86B6A4DC-320E-4064-A6D8-825ECAF4AC68}"
EndProject
Project("{9A19103F-16F7-4668-BE54-9A1E7A4F7556}") = "AutoTrader.Shared", "AutoTrader.Shared\AutoTrader.Shared.csproj", "{9521A0D6-2972-4E15-8426-D59ED0265532}"
EndProject
Project("{9A19103F-16F7-4668-BE54-9A1E7A4F7556}") = "AutoTrader.Models", "AutoTrader.Models\AutoTrader.Models.csproj", "{2CF63380-C859-4BB9-994E-0B4A2A8C30B9}"
EndProject
Project("{9A19103F-16F7-4668-BE54-9A1E7A4F7556}") = "AutoTrader.Services", "AutoTrader.Services\AutoTrader.Services.csproj", "{0F343BB7-DDE6-457E-A78D-5EB2530CD560}"
EndProject
Project("{9A19103F-16F7-4668-BE54-9A1E7A4F7556}") = "AutoTrader.Interfaces", "AutoTrader.Interfaces\AutoTrader.Interfaces.csproj", "{1068E006-7730-4CCD-90EB-6092891635D1}"
EndProject
Project("{2150E333-8FDC-42A3-9474-1A3956D46DE8}") = "FtpClients", "FtpClients", "{7364CBF7-3C14-44BA-A852-2EE6B2D0A4BA}"
EndProject
Project("{9A19103F-16F7-4668-BE54-9A1E7A4F7556}") = "FtpRushClient.API", "FtpRushClient.API\FtpRushClient.API.csproj", "{41A4B47E-876A-4E64-A491-22E8E7117322}"
EndProject
Project("{2150E333-8FDC-42A3-9474-1A3956D46DE8}") = "Libs", "Libs", "{B80DEF88-0F86-4FCD-8908-D425AB888FF4}"
	ProjectSection(SolutionItems) = preProject
		..\..\..\Users\eykapah\Downloads\RuSharp.dll = ..\..\..\Users\eykapah\Downloads\RuSharp.dll
	EndProjectSection
EndProject
Project("{2150E333-8FDC-42A3-9474-1A3956D46DE8}") = "API", "API", "{EABCD697-C8A0-4F61-A4D3-862BC723E663}"
EndProject
Project("{FAE04EC0-301F-11D3-BF4B-00C04F79EFBC}") = "AutoTrader_mIRC.API", "AutoTrader_mIRC.API\AutoTrader_mIRC.API.csproj", "{8FB35BEF-1D96-4065-8B52-C3B7920D024F}"
EndProject
Project("{2150E333-8FDC-42A3-9474-1A3956D46DE8}") = "Utils", "Utils", "{8E5AE98A-4E54-45D2-8248-87F9AC7353DB}"
EndProject
Project("{9A19103F-16F7-4668-BE54-9A1E7A4F7556}") = "NamedPipeWrapper", "Utils\NamedPipeWrapper\NamedPipeWrapper.csproj", "{7E9BE80E-70B4-43DA-BAC9-EB029E37BBB5}"
EndProject
Global
	GlobalSection(SolutionConfigurationPlatforms) = preSolution
		Debug|Any CPU = Debug|Any CPU
		Debug|ARM = Debug|ARM
		Debug|ARM64 = Debug|ARM64
		Debug|x64 = Debug|x64
		Debug|x86 = Debug|x86
		Release|Any CPU = Release|Any CPU
		Release|ARM = Release|ARM
		Release|ARM64 = Release|ARM64
		Release|x64 = Release|x64
		Release|x86 = Release|x86
	EndGlobalSection
	GlobalSection(ProjectConfigurationPlatforms) = postSolution
		{B3B6B275-8B31-47A4-BC6B-92F71E4F2816}.Debug|Any CPU.ActiveCfg = Debug|x86
		{B3B6B275-8B31-47A4-BC6B-92F71E4F2816}.Debug|ARM.ActiveCfg = Debug|ARM
		{B3B6B275-8B31-47A4-BC6B-92F71E4F2816}.Debug|ARM.Build.0 = Debug|ARM
		{B3B6B275-8B31-47A4-BC6B-92F71E4F2816}.Debug|ARM.Deploy.0 = Debug|ARM
		{B3B6B275-8B31-47A4-BC6B-92F71E4F2816}.Debug|ARM64.ActiveCfg = Debug|ARM64
		{B3B6B275-8B31-47A4-BC6B-92F71E4F2816}.Debug|ARM64.Build.0 = Debug|ARM64
		{B3B6B275-8B31-47A4-BC6B-92F71E4F2816}.Debug|ARM64.Deploy.0 = Debug|ARM64
		{B3B6B275-8B31-47A4-BC6B-92F71E4F2816}.Debug|x64.ActiveCfg = Debug|x64
		{B3B6B275-8B31-47A4-BC6B-92F71E4F2816}.Debug|x64.Build.0 = Debug|x64
		{B3B6B275-8B31-47A4-BC6B-92F71E4F2816}.Debug|x64.Deploy.0 = Debug|x64
		{B3B6B275-8B31-47A4-BC6B-92F71E4F2816}.Debug|x86.ActiveCfg = Debug|x86
		{B3B6B275-8B31-47A4-BC6B-92F71E4F2816}.Debug|x86.Build.0 = Debug|x86
		{B3B6B275-8B31-47A4-BC6B-92F71E4F2816}.Debug|x86.Deploy.0 = Debug|x86
		{B3B6B275-8B31-47A4-BC6B-92F71E4F2816}.Release|Any CPU.ActiveCfg = Release|x86
		{B3B6B275-8B31-47A4-BC6B-92F71E4F2816}.Release|ARM.ActiveCfg = Release|ARM
		{B3B6B275-8B31-47A4-BC6B-92F71E4F2816}.Release|ARM.Build.0 = Release|ARM
		{B3B6B275-8B31-47A4-BC6B-92F71E4F2816}.Release|ARM.Deploy.0 = Release|ARM
		{B3B6B275-8B31-47A4-BC6B-92F71E4F2816}.Release|ARM64.ActiveCfg = Release|ARM64
		{B3B6B275-8B31-47A4-BC6B-92F71E4F2816}.Release|ARM64.Build.0 = Release|ARM64
		{B3B6B275-8B31-47A4-BC6B-92F71E4F2816}.Release|ARM64.Deploy.0 = Release|ARM64
		{B3B6B275-8B31-47A4-BC6B-92F71E4F2816}.Release|x64.ActiveCfg = Release|x64
		{B3B6B275-8B31-47A4-BC6B-92F71E4F2816}.Release|x64.Build.0 = Release|x64
		{B3B6B275-8B31-47A4-BC6B-92F71E4F2816}.Release|x64.Deploy.0 = Release|x64
		{B3B6B275-8B31-47A4-BC6B-92F71E4F2816}.Release|x86.ActiveCfg = Release|x86
		{B3B6B275-8B31-47A4-BC6B-92F71E4F2816}.Release|x86.Build.0 = Release|x86
		{B3B6B275-8B31-47A4-BC6B-92F71E4F2816}.Release|x86.Deploy.0 = Release|x86
		{86B6A4DC-320E-4064-A6D8-825ECAF4AC68}.Debug|Any CPU.ActiveCfg = Debug|Any CPU
		{86B6A4DC-320E-4064-A6D8-825ECAF4AC68}.Debug|Any CPU.Build.0 = Debug|Any CPU
		{86B6A4DC-320E-4064-A6D8-825ECAF4AC68}.Debug|ARM.ActiveCfg = Debug|Any CPU
		{86B6A4DC-320E-4064-A6D8-825ECAF4AC68}.Debug|ARM.Build.0 = Debug|Any CPU
		{86B6A4DC-320E-4064-A6D8-825ECAF4AC68}.Debug|ARM64.ActiveCfg = Debug|Any CPU
		{86B6A4DC-320E-4064-A6D8-825ECAF4AC68}.Debug|ARM64.Build.0 = Debug|Any CPU
		{86B6A4DC-320E-4064-A6D8-825ECAF4AC68}.Debug|x64.ActiveCfg = Debug|Any CPU
		{86B6A4DC-320E-4064-A6D8-825ECAF4AC68}.Debug|x64.Build.0 = Debug|Any CPU
		{86B6A4DC-320E-4064-A6D8-825ECAF4AC68}.Debug|x86.ActiveCfg = Debug|Any CPU
		{86B6A4DC-320E-4064-A6D8-825ECAF4AC68}.Debug|x86.Build.0 = Debug|Any CPU
		{86B6A4DC-320E-4064-A6D8-825ECAF4AC68}.Release|Any CPU.ActiveCfg = Release|Any CPU
		{86B6A4DC-320E-4064-A6D8-825ECAF4AC68}.Release|Any CPU.Build.0 = Release|Any CPU
		{86B6A4DC-320E-4064-A6D8-825ECAF4AC68}.Release|ARM.ActiveCfg = Release|Any CPU
		{86B6A4DC-320E-4064-A6D8-825ECAF4AC68}.Release|ARM.Build.0 = Release|Any CPU
		{86B6A4DC-320E-4064-A6D8-825ECAF4AC68}.Release|ARM64.ActiveCfg = Release|Any CPU
		{86B6A4DC-320E-4064-A6D8-825ECAF4AC68}.Release|ARM64.Build.0 = Release|Any CPU
		{86B6A4DC-320E-4064-A6D8-825ECAF4AC68}.Release|x64.ActiveCfg = Release|Any CPU
		{86B6A4DC-320E-4064-A6D8-825ECAF4AC68}.Release|x64.Build.0 = Release|Any CPU
		{86B6A4DC-320E-4064-A6D8-825ECAF4AC68}.Release|x86.ActiveCfg = Release|Any CPU
		{86B6A4DC-320E-4064-A6D8-825ECAF4AC68}.Release|x86.Build.0 = Release|Any CPU
		{9521A0D6-2972-4E15-8426-D59ED0265532}.Debug|Any CPU.ActiveCfg = Debug|Any CPU
		{9521A0D6-2972-4E15-8426-D59ED0265532}.Debug|Any CPU.Build.0 = Debug|Any CPU
		{9521A0D6-2972-4E15-8426-D59ED0265532}.Debug|ARM.ActiveCfg = Debug|Any CPU
		{9521A0D6-2972-4E15-8426-D59ED0265532}.Debug|ARM.Build.0 = Debug|Any CPU
		{9521A0D6-2972-4E15-8426-D59ED0265532}.Debug|ARM64.ActiveCfg = Debug|Any CPU
		{9521A0D6-2972-4E15-8426-D59ED0265532}.Debug|ARM64.Build.0 = Debug|Any CPU
		{9521A0D6-2972-4E15-8426-D59ED0265532}.Debug|x64.ActiveCfg = Debug|Any CPU
		{9521A0D6-2972-4E15-8426-D59ED0265532}.Debug|x64.Build.0 = Debug|Any CPU
		{9521A0D6-2972-4E15-8426-D59ED0265532}.Debug|x86.ActiveCfg = Debug|Any CPU
		{9521A0D6-2972-4E15-8426-D59ED0265532}.Debug|x86.Build.0 = Debug|Any CPU
		{9521A0D6-2972-4E15-8426-D59ED0265532}.Release|Any CPU.ActiveCfg = Release|Any CPU
		{9521A0D6-2972-4E15-8426-D59ED0265532}.Release|Any CPU.Build.0 = Release|Any CPU
		{9521A0D6-2972-4E15-8426-D59ED0265532}.Release|ARM.ActiveCfg = Release|Any CPU
		{9521A0D6-2972-4E15-8426-D59ED0265532}.Release|ARM.Build.0 = Release|Any CPU
		{9521A0D6-2972-4E15-8426-D59ED0265532}.Release|ARM64.ActiveCfg = Release|Any CPU
		{9521A0D6-2972-4E15-8426-D59ED0265532}.Release|ARM64.Build.0 = Release|Any CPU
		{9521A0D6-2972-4E15-8426-D59ED0265532}.Release|x64.ActiveCfg = Release|Any CPU
		{9521A0D6-2972-4E15-8426-D59ED0265532}.Release|x64.Build.0 = Release|Any CPU
		{9521A0D6-2972-4E15-8426-D59ED0265532}.Release|x86.ActiveCfg = Release|Any CPU
		{9521A0D6-2972-4E15-8426-D59ED0265532}.Release|x86.Build.0 = Release|Any CPU
		{2CF63380-C859-4BB9-994E-0B4A2A8C30B9}.Debug|Any CPU.ActiveCfg = Debug|Any CPU
		{2CF63380-C859-4BB9-994E-0B4A2A8C30B9}.Debug|Any CPU.Build.0 = Debug|Any CPU
		{2CF63380-C859-4BB9-994E-0B4A2A8C30B9}.Debug|ARM.ActiveCfg = Debug|Any CPU
		{2CF63380-C859-4BB9-994E-0B4A2A8C30B9}.Debug|ARM.Build.0 = Debug|Any CPU
		{2CF63380-C859-4BB9-994E-0B4A2A8C30B9}.Debug|ARM64.ActiveCfg = Debug|Any CPU
		{2CF63380-C859-4BB9-994E-0B4A2A8C30B9}.Debug|ARM64.Build.0 = Debug|Any CPU
		{2CF63380-C859-4BB9-994E-0B4A2A8C30B9}.Debug|x64.ActiveCfg = Debug|Any CPU
		{2CF63380-C859-4BB9-994E-0B4A2A8C30B9}.Debug|x64.Build.0 = Debug|Any CPU
		{2CF63380-C859-4BB9-994E-0B4A2A8C30B9}.Debug|x86.ActiveCfg = Debug|Any CPU
		{2CF63380-C859-4BB9-994E-0B4A2A8C30B9}.Debug|x86.Build.0 = Debug|Any CPU
		{2CF63380-C859-4BB9-994E-0B4A2A8C30B9}.Release|Any CPU.ActiveCfg = Release|Any CPU
		{2CF63380-C859-4BB9-994E-0B4A2A8C30B9}.Release|Any CPU.Build.0 = Release|Any CPU
		{2CF63380-C859-4BB9-994E-0B4A2A8C30B9}.Release|ARM.ActiveCfg = Release|Any CPU
		{2CF63380-C859-4BB9-994E-0B4A2A8C30B9}.Release|ARM.Build.0 = Release|Any CPU
		{2CF63380-C859-4BB9-994E-0B4A2A8C30B9}.Release|ARM64.ActiveCfg = Release|Any CPU
		{2CF63380-C859-4BB9-994E-0B4A2A8C30B9}.Release|ARM64.Build.0 = Release|Any CPU
		{2CF63380-C859-4BB9-994E-0B4A2A8C30B9}.Release|x64.ActiveCfg = Release|Any CPU
		{2CF63380-C859-4BB9-994E-0B4A2A8C30B9}.Release|x64.Build.0 = Release|Any CPU
		{2CF63380-C859-4BB9-994E-0B4A2A8C30B9}.Release|x86.ActiveCfg = Release|Any CPU
		{2CF63380-C859-4BB9-994E-0B4A2A8C30B9}.Release|x86.Build.0 = Release|Any CPU
		{0F343BB7-DDE6-457E-A78D-5EB2530CD560}.Debug|Any CPU.ActiveCfg = Debug|Any CPU
		{0F343BB7-DDE6-457E-A78D-5EB2530CD560}.Debug|Any CPU.Build.0 = Debug|Any CPU
		{0F343BB7-DDE6-457E-A78D-5EB2530CD560}.Debug|ARM.ActiveCfg = Debug|Any CPU
		{0F343BB7-DDE6-457E-A78D-5EB2530CD560}.Debug|ARM.Build.0 = Debug|Any CPU
		{0F343BB7-DDE6-457E-A78D-5EB2530CD560}.Debug|ARM64.ActiveCfg = Debug|Any CPU
		{0F343BB7-DDE6-457E-A78D-5EB2530CD560}.Debug|ARM64.Build.0 = Debug|Any CPU
		{0F343BB7-DDE6-457E-A78D-5EB2530CD560}.Debug|x64.ActiveCfg = Debug|Any CPU
		{0F343BB7-DDE6-457E-A78D-5EB2530CD560}.Debug|x64.Build.0 = Debug|Any CPU
		{0F343BB7-DDE6-457E-A78D-5EB2530CD560}.Debug|x86.ActiveCfg = Debug|Any CPU
		{0F343BB7-DDE6-457E-A78D-5EB2530CD560}.Debug|x86.Build.0 = Debug|Any CPU
		{0F343BB7-DDE6-457E-A78D-5EB2530CD560}.Release|Any CPU.ActiveCfg = Release|Any CPU
		{0F343BB7-DDE6-457E-A78D-5EB2530CD560}.Release|Any CPU.Build.0 = Release|Any CPU
		{0F343BB7-DDE6-457E-A78D-5EB2530CD560}.Release|ARM.ActiveCfg = Release|Any CPU
		{0F343BB7-DDE6-457E-A78D-5EB2530CD560}.Release|ARM.Build.0 = Release|Any CPU
		{0F343BB7-DDE6-457E-A78D-5EB2530CD560}.Release|ARM64.ActiveCfg = Release|Any CPU
		{0F343BB7-DDE6-457E-A78D-5EB2530CD560}.Release|ARM64.Build.0 = Release|Any CPU
		{0F343BB7-DDE6-457E-A78D-5EB2530CD560}.Release|x64.ActiveCfg = Release|Any CPU
		{0F343BB7-DDE6-457E-A78D-5EB2530CD560}.Release|x64.Build.0 = Release|Any CPU
		{0F343BB7-DDE6-457E-A78D-5EB2530CD560}.Release|x86.ActiveCfg = Release|Any CPU
		{0F343BB7-DDE6-457E-A78D-5EB2530CD560}.Release|x86.Build.0 = Release|Any CPU
		{1068E006-7730-4CCD-90EB-6092891635D1}.Debug|Any CPU.ActiveCfg = Debug|Any CPU
		{1068E006-7730-4CCD-90EB-6092891635D1}.Debug|Any CPU.Build.0 = Debug|Any CPU
		{1068E006-7730-4CCD-90EB-6092891635D1}.Debug|ARM.ActiveCfg = Debug|Any CPU
		{1068E006-7730-4CCD-90EB-6092891635D1}.Debug|ARM.Build.0 = Debug|Any CPU
		{1068E006-7730-4CCD-90EB-6092891635D1}.Debug|ARM64.ActiveCfg = Debug|Any CPU
		{1068E006-7730-4CCD-90EB-6092891635D1}.Debug|ARM64.Build.0 = Debug|Any CPU
		{1068E006-7730-4CCD-90EB-6092891635D1}.Debug|x64.ActiveCfg = Debug|Any CPU
		{1068E006-7730-4CCD-90EB-6092891635D1}.Debug|x64.Build.0 = Debug|Any CPU
		{1068E006-7730-4CCD-90EB-6092891635D1}.Debug|x86.ActiveCfg = Debug|Any CPU
		{1068E006-7730-4CCD-90EB-6092891635D1}.Debug|x86.Build.0 = Debug|Any CPU
		{1068E006-7730-4CCD-90EB-6092891635D1}.Release|Any CPU.ActiveCfg = Release|Any CPU
		{1068E006-7730-4CCD-90EB-6092891635D1}.Release|Any CPU.Build.0 = Release|Any CPU
		{1068E006-7730-4CCD-90EB-6092891635D1}.Release|ARM.ActiveCfg = Release|Any CPU
		{1068E006-7730-4CCD-90EB-6092891635D1}.Release|ARM.Build.0 = Release|Any CPU
		{1068E006-7730-4CCD-90EB-6092891635D1}.Release|ARM64.ActiveCfg = Release|Any CPU
		{1068E006-7730-4CCD-90EB-6092891635D1}.Release|ARM64.Build.0 = Release|Any CPU
		{1068E006-7730-4CCD-90EB-6092891635D1}.Release|x64.ActiveCfg = Release|Any CPU
		{1068E006-7730-4CCD-90EB-6092891635D1}.Release|x64.Build.0 = Release|Any CPU
		{1068E006-7730-4CCD-90EB-6092891635D1}.Release|x86.ActiveCfg = Release|Any CPU
		{1068E006-7730-4CCD-90EB-6092891635D1}.Release|x86.Build.0 = Release|Any CPU
		{41A4B47E-876A-4E64-A491-22E8E7117322}.Debug|Any CPU.ActiveCfg = Debug|Any CPU
		{41A4B47E-876A-4E64-A491-22E8E7117322}.Debug|Any CPU.Build.0 = Debug|Any CPU
		{41A4B47E-876A-4E64-A491-22E8E7117322}.Debug|ARM.ActiveCfg = Debug|Any CPU
		{41A4B47E-876A-4E64-A491-22E8E7117322}.Debug|ARM.Build.0 = Debug|Any CPU
		{41A4B47E-876A-4E64-A491-22E8E7117322}.Debug|ARM64.ActiveCfg = Debug|Any CPU
		{41A4B47E-876A-4E64-A491-22E8E7117322}.Debug|ARM64.Build.0 = Debug|Any CPU
		{41A4B47E-876A-4E64-A491-22E8E7117322}.Debug|x64.ActiveCfg = Debug|Any CPU
		{41A4B47E-876A-4E64-A491-22E8E7117322}.Debug|x64.Build.0 = Debug|Any CPU
		{41A4B47E-876A-4E64-A491-22E8E7117322}.Debug|x86.ActiveCfg = Debug|Any CPU
		{41A4B47E-876A-4E64-A491-22E8E7117322}.Debug|x86.Build.0 = Debug|Any CPU
		{41A4B47E-876A-4E64-A491-22E8E7117322}.Release|Any CPU.ActiveCfg = Release|Any CPU
		{41A4B47E-876A-4E64-A491-22E8E7117322}.Release|Any CPU.Build.0 = Release|Any CPU
		{41A4B47E-876A-4E64-A491-22E8E7117322}.Release|ARM.ActiveCfg = Release|Any CPU
		{41A4B47E-876A-4E64-A491-22E8E7117322}.Release|ARM.Build.0 = Release|Any CPU
		{41A4B47E-876A-4E64-A491-22E8E7117322}.Release|ARM64.ActiveCfg = Release|Any CPU
		{41A4B47E-876A-4E64-A491-22E8E7117322}.Release|ARM64.Build.0 = Release|Any CPU
		{41A4B47E-876A-4E64-A491-22E8E7117322}.Release|x64.ActiveCfg = Release|Any CPU
		{41A4B47E-876A-4E64-A491-22E8E7117322}.Release|x64.Build.0 = Release|Any CPU
		{41A4B47E-876A-4E64-A491-22E8E7117322}.Release|x86.ActiveCfg = Release|Any CPU
		{41A4B47E-876A-4E64-A491-22E8E7117322}.Release|x86.Build.0 = Release|Any CPU
		{8FB35BEF-1D96-4065-8B52-C3B7920D024F}.Debug|Any CPU.ActiveCfg = Debug|Any CPU
		{8FB35BEF-1D96-4065-8B52-C3B7920D024F}.Debug|Any CPU.Build.0 = Debug|Any CPU
		{8FB35BEF-1D96-4065-8B52-C3B7920D024F}.Debug|ARM.ActiveCfg = Debug|Any CPU
		{8FB35BEF-1D96-4065-8B52-C3B7920D024F}.Debug|ARM.Build.0 = Debug|Any CPU
		{8FB35BEF-1D96-4065-8B52-C3B7920D024F}.Debug|ARM64.ActiveCfg = Debug|Any CPU
		{8FB35BEF-1D96-4065-8B52-C3B7920D024F}.Debug|ARM64.Build.0 = Debug|Any CPU
		{8FB35BEF-1D96-4065-8B52-C3B7920D024F}.Debug|x64.ActiveCfg = Debug|Any CPU
		{8FB35BEF-1D96-4065-8B52-C3B7920D024F}.Debug|x64.Build.0 = Debug|Any CPU
		{8FB35BEF-1D96-4065-8B52-C3B7920D024F}.Debug|x86.ActiveCfg = Debug|Any CPU
		{8FB35BEF-1D96-4065-8B52-C3B7920D024F}.Debug|x86.Build.0 = Debug|Any CPU
		{8FB35BEF-1D96-4065-8B52-C3B7920D024F}.Release|Any CPU.ActiveCfg = Release|Any CPU
		{8FB35BEF-1D96-4065-8B52-C3B7920D024F}.Release|Any CPU.Build.0 = Release|Any CPU
		{8FB35BEF-1D96-4065-8B52-C3B7920D024F}.Release|ARM.ActiveCfg = Release|Any CPU
		{8FB35BEF-1D96-4065-8B52-C3B7920D024F}.Release|ARM.Build.0 = Release|Any CPU
		{8FB35BEF-1D96-4065-8B52-C3B7920D024F}.Release|ARM64.ActiveCfg = Release|Any CPU
		{8FB35BEF-1D96-4065-8B52-C3B7920D024F}.Release|ARM64.Build.0 = Release|Any CPU
		{8FB35BEF-1D96-4065-8B52-C3B7920D024F}.Release|x64.ActiveCfg = Release|Any CPU
		{8FB35BEF-1D96-4065-8B52-C3B7920D024F}.Release|x64.Build.0 = Release|Any CPU
		{8FB35BEF-1D96-4065-8B52-C3B7920D024F}.Release|x86.ActiveCfg = Release|Any CPU
		{8FB35BEF-1D96-4065-8B52-C3B7920D024F}.Release|x86.Build.0 = Release|Any CPU
		{7E9BE80E-70B4-43DA-BAC9-EB029E37BBB5}.Debug|Any CPU.ActiveCfg = Debug|Any CPU
		{7E9BE80E-70B4-43DA-BAC9-EB029E37BBB5}.Debug|Any CPU.Build.0 = Debug|Any CPU
		{7E9BE80E-70B4-43DA-BAC9-EB029E37BBB5}.Debug|ARM.ActiveCfg = Debug|Any CPU
		{7E9BE80E-70B4-43DA-BAC9-EB029E37BBB5}.Debug|ARM.Build.0 = Debug|Any CPU
		{7E9BE80E-70B4-43DA-BAC9-EB029E37BBB5}.Debug|ARM64.ActiveCfg = Debug|Any CPU
		{7E9BE80E-70B4-43DA-BAC9-EB029E37BBB5}.Debug|ARM64.Build.0 = Debug|Any CPU
		{7E9BE80E-70B4-43DA-BAC9-EB029E37BBB5}.Debug|x64.ActiveCfg = Debug|Any CPU
		{7E9BE80E-70B4-43DA-BAC9-EB029E37BBB5}.Debug|x64.Build.0 = Debug|Any CPU
		{7E9BE80E-70B4-43DA-BAC9-EB029E37BBB5}.Debug|x86.ActiveCfg = Debug|Any CPU
		{7E9BE80E-70B4-43DA-BAC9-EB029E37BBB5}.Debug|x86.Build.0 = Debug|Any CPU
		{7E9BE80E-70B4-43DA-BAC9-EB029E37BBB5}.Release|Any CPU.ActiveCfg = Release|Any CPU
		{7E9BE80E-70B4-43DA-BAC9-EB029E37BBB5}.Release|Any CPU.Build.0 = Release|Any CPU
		{7E9BE80E-70B4-43DA-BAC9-EB029E37BBB5}.Release|ARM.ActiveCfg = Release|Any CPU
		{7E9BE80E-70B4-43DA-BAC9-EB029E37BBB5}.Release|ARM.Build.0 = Release|Any CPU
		{7E9BE80E-70B4-43DA-BAC9-EB029E37BBB5}.Release|ARM64.ActiveCfg = Release|Any CPU
		{7E9BE80E-70B4-43DA-BAC9-EB029E37BBB5}.Release|ARM64.Build.0 = Release|Any CPU
		{7E9BE80E-70B4-43DA-BAC9-EB029E37BBB5}.Release|x64.ActiveCfg = Release|Any CPU
		{7E9BE80E-70B4-43DA-BAC9-EB029E37BBB5}.Release|x64.Build.0 = Release|Any CPU
		{7E9BE80E-70B4-43DA-BAC9-EB029E37BBB5}.Release|x86.ActiveCfg = Release|Any CPU
		{7E9BE80E-70B4-43DA-BAC9-EB029E37BBB5}.Release|x86.Build.0 = Release|Any CPU
	EndGlobalSection
	GlobalSection(SolutionProperties) = preSolution
		HideSolutionNode = FALSE
	EndGlobalSection
	GlobalSection(NestedProjects) = preSolution
		{86B6A4DC-320E-4064-A6D8-825ECAF4AC68} = {8506C489-D792-4403-AC6D-B4E7C31E9B5E}
		{9521A0D6-2972-4E15-8426-D59ED0265532} = {8506C489-D792-4403-AC6D-B4E7C31E9B5E}
		{2CF63380-C859-4BB9-994E-0B4A2A8C30B9} = {8506C489-D792-4403-AC6D-B4E7C31E9B5E}
		{0F343BB7-DDE6-457E-A78D-5EB2530CD560} = {8506C489-D792-4403-AC6D-B4E7C31E9B5E}
		{1068E006-7730-4CCD-90EB-6092891635D1} = {8506C489-D792-4403-AC6D-B4E7C31E9B5E}
		{41A4B47E-876A-4E64-A491-22E8E7117322} = {7364CBF7-3C14-44BA-A852-2EE6B2D0A4BA}
		{8FB35BEF-1D96-4065-8B52-C3B7920D024F} = {EABCD697-C8A0-4F61-A4D3-862BC723E663}
		{7E9BE80E-70B4-43DA-BAC9-EB029E37BBB5} = {8E5AE98A-4E54-45D2-8248-87F9AC7353DB}
	EndGlobalSection
	GlobalSection(ExtensibilityGlobals) = postSolution
		SolutionGuid = {7382718C-5A7B-446B-B9B2-33C06A991230}
	EndGlobalSection
EndGlobal
